{
  "name": "inbar",
  "version": "1.0.0",
  "lockfileVersion": 1,
  "requires": true,
  "dependencies": {
    "mybla": {
      "version": "1.0.0",
      "resolved": "http://10.1.16.71:9094/artifactory/npm-local/mybla/-/mybla-1.0.0.tgz",
      "integrity": "sha1-ceSHmTQ2T5pb8GpTlPB4+Ep6ELc="
    }
  }
}
